
Microsoft Visual Studio Solution File, Format Version 12.00
# Visual Studio Version 16
VisualStudioVersion = 16.0.33529.622
MinimumVisualStudioVersion = 10.0.40219.1
Project("{FAE04EC0-301F-11D3-BF4B-00C04F79EFBC}") = "Internal-Fluid-Volume-in-Pipe", "VolumeOfFluidinPipe\Internal-Fluid-Volume-in-Pipe.csproj", "{8D9EF433-8B63-4BA5-9C8F-8C15944AA3FA}"
EndProject
Global
	GlobalSection(SolutionConfigurationPlatforms) = preSolution
		Debug|Any CPU = Debug|Any CPU
		Release|Any CPU = Release|Any CPU
	EndGlobalSection
	GlobalSection(ProjectConfigurationPlatforms) = postSolution
		{8D9EF433-8B63-4BA5-9C8F-8C15944AA3FA}.Debug|Any CPU.ActiveCfg = Debug|Any CPU
		{8D9EF433-8B63-4BA5-9C8F-8C15944AA3FA}.Debug|Any CPU.Build.0 = Debug|Any CPU
		{8D9EF433-8B63-4BA5-9C8F-8C15944AA3FA}.Release|Any CPU.ActiveCfg = Release|Any CPU
		{8D9EF433-8B63-4BA5-9C8F-8C15944AA3FA}.Release|Any CPU.Build.0 = Release|Any CPU
	EndGlobalSection
	GlobalSection(SolutionProperties) = preSolution
		HideSolutionNode = FALSE
	EndGlobalSection
	GlobalSection(ExtensibilityGlobals) = postSolution
		SolutionGuid = {B17022D1-6B67-4806-8654-DD36A8AB4DB9}
	EndGlobalSection
EndGlobal
